
Microsoft Visual Studio Solution File, Format Version 12.00
# Visual Studio Version 17
VisualStudioVersion = 17.10.34928.147
MinimumVisualStudioVersion = 10.0.40219.1
Project("{FAE04EC0-301F-11D3-BF4B-00C04F79EFBC}") = "ParkingLot", "ParkingLot.csproj", "{96EDA6FD-517E-41B1-8564-47E3DCED2FCB}"
EndProject
Global
	GlobalSection(SolutionConfigurationPlatforms) = preSolution
		Debug|Any CPU = Debug|Any CPU
		Release|Any CPU = Release|Any CPU
	EndGlobalSection
	GlobalSection(ProjectConfigurationPlatforms) = postSolution
		{96EDA6FD-517E-41B1-8564-47E3DCED2FCB}.Debug|Any CPU.ActiveCfg = Debug|Any CPU
		{96EDA6FD-517E-41B1-8564-47E3DCED2FCB}.Debug|Any CPU.Build.0 = Debug|Any CPU
		{96EDA6FD-517E-41B1-8564-47E3DCED2FCB}.Release|Any CPU.ActiveCfg = Release|Any CPU
		{96EDA6FD-517E-41B1-8564-47E3DCED2FCB}.Release|Any CPU.Build.0 = Release|Any CPU
	EndGlobalSection
	GlobalSection(SolutionProperties) = preSolution
		HideSolutionNode = FALSE
	EndGlobalSection
	GlobalSection(ExtensibilityGlobals) = postSolution
		SolutionGuid = {B326759F-C270-492B-A14F-691283869020}
	EndGlobalSection
EndGlobal
